// !$*UTF8*$!
{
	archiveVersion = 1;
	classes = {
	};
	objectVersion = 46;
	objects = {

/* Begin PBXBuildFile section */
		0F9804EB1BECE8A6006D17D6 /* tessdata in Resources */ = {isa = PBXBuildFile; fileRef = 0F9804EA1BECE8A6006D17D6 /* tessdata */; };
		0F9804EC1BECE8A6006D17D6 /* tessdata in Resources */ = {isa = PBXBuildFile; fileRef = 0F9804EA1BECE8A6006D17D6 /* tessdata */; };
		0F9C74E11BECC70E00348AF9 /* CoreGraphics.framework in Frameworks */ = {isa = PBXBuildFile; fileRef = 0F9C74E01BECC70E00348AF9 /* CoreGraphics.framework */; };
		0F9C74E31BECC71B00348AF9 /* TesseractOCR.framework in Frameworks */ = {isa = PBXBuildFile; fileRef = 0F9C74E21BECC71B00348AF9 /* TesseractOCR.framework */; };
		0F9C74E51BECC72200348AF9 /* Foundation.framework in Frameworks */ = {isa = PBXBuildFile; fileRef = 0F9C74E41BECC72200348AF9 /* Foundation.framework */; };
		0F9C74E71BECC72B00348AF9 /* opencv2.framework in Frameworks */ = {isa = PBXBuildFile; fileRef = 0F9C74E61BECC72B00348AF9 /* opencv2.framework */; };
		0F9C74E91BECC72E00348AF9 /* UIKit.framework in Frameworks */ = {isa = PBXBuildFile; fileRef = 0F9C74E81BECC72E00348AF9 /* UIKit.framework */; };
		0F9C74EB1BECC73600348AF9 /* AVFoundation.framework in Frameworks */ = {isa = PBXBuildFile; fileRef = 0F9C74EA1BECC73600348AF9 /* AVFoundation.framework */; };
		0F9C74ED1BECC73B00348AF9 /* CoreMedia.framework in Frameworks */ = {isa = PBXBuildFile; fileRef = 0F9C74EC1BECC73B00348AF9 /* CoreMedia.framework */; };
		0F9C74EF1BECC8E400348AF9 /* libstdc++.dylib in Frameworks */ = {isa = PBXBuildFile; fileRef = 0F9C74EE1BECC8E400348AF9 /* libstdc++.dylib */; };
		0F9C75181BECDC6200348AF9 /* Info.plist in Resources */ = {isa = PBXBuildFile; fileRef = 0F9C75161BECDC6200348AF9 /* Info.plist */; };
		0F9C75191BECDC6200348AF9 /* OCVRTests.m in Sources */ = {isa = PBXBuildFile; fileRef = 0F9C75171BECDC6200348AF9 /* OCVRTests.m */; };
		0FA3BC461BEBBF6700DEF713 /* main.m in Sources */ = {isa = PBXBuildFile; fileRef = 0FA3BC451BEBBF6700DEF713 /* main.m */; };
		0FA3BC491BEBBF6700DEF713 /* AppDelegate.m in Sources */ = {isa = PBXBuildFile; fileRef = 0FA3BC481BEBBF6700DEF713 /* AppDelegate.m */; };
		0FA3BC4C1BEBBF6700DEF713 /* ViewController.mm in Sources */ = {isa = PBXBuildFile; fileRef = 0FA3BC4B1BEBBF6700DEF713 /* ViewController.mm */; };
		0FA3BC4F1BEBBF6700DEF713 /* Main.storyboard in Resources */ = {isa = PBXBuildFile; fileRef = 0FA3BC4D1BEBBF6700DEF713 /* Main.storyboard */; };
		0FA3BC511BEBBF6700DEF713 /* Images.xcassets in Resources */ = {isa = PBXBuildFile; fileRef = 0FA3BC501BEBBF6700DEF713 /* Images.xcassets */; };
		0FA3BC541BEBBF6700DEF713 /* LaunchScreen.xib in Resources */ = {isa = PBXBuildFile; fileRef = 0FA3BC521BEBBF6700DEF713 /* LaunchScreen.xib */; };
/* End PBXBuildFile section */

/* Begin PBXContainerItemProxy section */
		0FA3BC5A1BEBBF6700DEF713 /* PBXContainerItemProxy */ = {
			isa = PBXContainerItemProxy;
			containerPortal = 0FA3BC381BEBBF6700DEF713 /* Project object */;
			proxyType = 1;
			remoteGlobalIDString = 0FA3BC3F1BEBBF6700DEF713;
			remoteInfo = OCVR;
		};
/* End PBXContainerItemProxy section */

/* Begin PBXFileReference section */
		0F9804EA1BECE8A6006D17D6 /* tessdata */ = {isa = PBXFileReference; lastKnownFileType = folder; path = tessdata; sourceTree = "<group>"; };
		0F9C74E01BECC70E00348AF9 /* CoreGraphics.framework */ = {isa = PBXFileReference; lastKnownFileType = wrapper.framework; path = CoreGraphics.framework; sourceTree = "<group>"; };
		0F9C74E21BECC71B00348AF9 /* TesseractOCR.framework */ = {isa = PBXFileReference; lastKnownFileType = wrapper.framework; path = TesseractOCR.framework; sourceTree = "<group>"; };
		0F9C74E41BECC72200348AF9 /* Foundation.framework */ = {isa = PBXFileReference; lastKnownFileType = wrapper.framework; path = Foundation.framework; sourceTree = "<group>"; };
		0F9C74E61BECC72B00348AF9 /* opencv2.framework */ = {isa = PBXFileReference; lastKnownFileType = wrapper.framework; path = opencv2.framework; sourceTree = "<group>"; };
		0F9C74E81BECC72E00348AF9 /* UIKit.framework */ = {isa = PBXFileReference; lastKnownFileType = wrapper.framework; path = UIKit.framework; sourceTree = "<group>"; };
		0F9C74EA1BECC73600348AF9 /* AVFoundation.framework */ = {isa = PBXFileReference; lastKnownFileType = wrapper.framework; path = AVFoundation.framework; sourceTree = "<group>"; };
		0F9C74EC1BECC73B00348AF9 /* CoreMedia.framework */ = {isa = PBXFileReference; lastKnownFileType = wrapper.framework; path = CoreMedia.framework; sourceTree = "<group>"; };
		0F9C74EE1BECC8E400348AF9 /* libstdc++.dylib */ = {isa = PBXFileReference; lastKnownFileType = "compiled.mach-o.dylib"; name = "libstdc++.dylib"; path = "usr/lib/libstdc++.dylib"; sourceTree = SDKROOT; };
		0F9C75161BECDC6200348AF9 /* Info.plist */ = {isa = PBXFileReference; fileEncoding = 4; lastKnownFileType = text.plist.xml; path = Info.plist; sourceTree = "<group>"; };
		0F9C75171BECDC6200348AF9 /* OCVRTests.m */ = {isa = PBXFileReference; fileEncoding = 4; lastKnownFileType = sourcecode.c.objc; path = OCVRTests.m; sourceTree = "<group>"; };
		0FA3BC401BEBBF6700DEF713 /* OCVR.app */ = {isa = PBXFileReference; explicitFileType = wrapper.application; includeInIndex = 0; path = OCVR.app; sourceTree = BUILT_PRODUCTS_DIR; };
		0FA3BC441BEBBF6700DEF713 /* Info.plist */ = {isa = PBXFileReference; lastKnownFileType = text.plist.xml; path = Info.plist; sourceTree = "<group>"; };
		0FA3BC451BEBBF6700DEF713 /* main.m */ = {isa = PBXFileReference; lastKnownFileType = sourcecode.c.objc; path = main.m; sourceTree = "<group>"; };
		0FA3BC471BEBBF6700DEF713 /* AppDelegate.h */ = {isa = PBXFileReference; lastKnownFileType = sourcecode.c.h; path = AppDelegate.h; sourceTree = "<group>"; };
		0FA3BC481BEBBF6700DEF713 /* AppDelegate.m */ = {isa = PBXFileReference; lastKnownFileType = sourcecode.c.objc; path = AppDelegate.m; sourceTree = "<group>"; };
		0FA3BC4A1BEBBF6700DEF713 /* ViewController.h */ = {isa = PBXFileReference; lastKnownFileType = sourcecode.c.h; path = ViewController.h; sourceTree = "<group>"; };
		0FA3BC4B1BEBBF6700DEF713 /* ViewController.mm */ = {isa = PBXFileReference; lastKnownFileType = sourcecode.cpp.objcpp; path = ViewController.mm; sourceTree = "<group>"; };
		0FA3BC4E1BEBBF6700DEF713 /* Base */ = {isa = PBXFileReference; lastKnownFileType = file.storyboard; name = Base; path = Base.lproj/Main.storyboard; sourceTree = "<group>"; };
		0FA3BC501BEBBF6700DEF713 /* Images.xcassets */ = {isa = PBXFileReference; lastKnownFileType = folder.assetcatalog; path = Images.xcassets; sourceTree = "<group>"; };
		0FA3BC531BEBBF6700DEF713 /* Base */ = {isa = PBXFileReference; lastKnownFileType = file.xib; name = Base; path = Base.lproj/LaunchScreen.xib; sourceTree = "<group>"; };
		0FA3BC591BEBBF6700DEF713 /* OCVRTests.xctest */ = {isa = PBXFileReference; explicitFileType = wrapper.cfbundle; includeInIndex = 0; path = OCVRTests.xctest; sourceTree = BUILT_PRODUCTS_DIR; };
/* End PBXFileReference section */

/* Begin PBXFrameworksBuildPhase section */
		0FA3BC3D1BEBBF6700DEF713 /* Frameworks */ = {
			isa = PBXFrameworksBuildPhase;
			buildActionMask = 2147483647;
			files = (
				0F9C74EF1BECC8E400348AF9 /* libstdc++.dylib in Frameworks */,
				0F9C74E31BECC71B00348AF9 /* TesseractOCR.framework in Frameworks */,
				0F9C74E51BECC72200348AF9 /* Foundation.framework in Frameworks */,
				0F9C74EB1BECC73600348AF9 /* AVFoundation.framework in Frameworks */,
				0F9C74E71BECC72B00348AF9 /* opencv2.framework in Frameworks */,
				0F9C74E11BECC70E00348AF9 /* CoreGraphics.framework in Frameworks */,
				0F9C74E91BECC72E00348AF9 /* UIKit.framework in Frameworks */,
				0F9C74ED1BECC73B00348AF9 /* CoreMedia.framework in Frameworks */,
			);
			runOnlyForDeploymentPostprocessing = 0;
		};
		0FA3BC561BEBBF6700DEF713 /* Frameworks */ = {
			isa = PBXFrameworksBuildPhase;
			buildActionMask = 2147483647;
			files = (
			);
			runOnlyForDeploymentPostprocessing = 0;
		};
/* End PBXFrameworksBuildPhase section */

/* Begin PBXGroup section */
		0F9C74DD1BECC6CA00348AF9 /* Frameworks */ = {
			isa = PBXGroup;
			children = (
				0F9C74EE1BECC8E400348AF9 /* libstdc++.dylib */,
				0F9C74EC1BECC73B00348AF9 /* CoreMedia.framework */,
				0F9C74EA1BECC73600348AF9 /* AVFoundation.framework */,
				0F9C74E81BECC72E00348AF9 /* UIKit.framework */,
				0F9C74E61BECC72B00348AF9 /* opencv2.framework */,
				0F9C74E41BECC72200348AF9 /* Foundation.framework */,
				0F9C74E21BECC71B00348AF9 /* TesseractOCR.framework */,
				0F9C74E01BECC70E00348AF9 /* CoreGraphics.framework */,
			);
			name = Frameworks;
			sourceTree = "<group>";
		};
		0F9C75151BECDC6200348AF9 /* OCVRTests */ = {
			isa = PBXGroup;
			children = (
				0F9C75161BECDC6200348AF9 /* Info.plist */,
				0F9C75171BECDC6200348AF9 /* OCVRTests.m */,
			);
			path = OCVRTests;
			sourceTree = "<group>";
		};
		0FA3BC371BEBBF6700DEF713 = {
			isa = PBXGroup;
			children = (
				0F9C75151BECDC6200348AF9 /* OCVRTests */,
				0F9C74DD1BECC6CA00348AF9 /* Frameworks */,
				0FA3BC421BEBBF6700DEF713 /* OCVR */,
				0FA3BC411BEBBF6700DEF713 /* Products */,
			);
			sourceTree = "<group>";
		};
		0FA3BC411BEBBF6700DEF713 /* Products */ = {
			isa = PBXGroup;
			children = (
				0FA3BC401BEBBF6700DEF713 /* OCVR.app */,
				0FA3BC591BEBBF6700DEF713 /* OCVRTests.xctest */,
			);
			name = Products;
			sourceTree = "<group>";
		};
		0FA3BC421BEBBF6700DEF713 /* OCVR */ = {
			isa = PBXGroup;
			children = (
				0F9804EA1BECE8A6006D17D6 /* tessdata */,
				0FA3BC471BEBBF6700DEF713 /* AppDelegate.h */,
				0FA3BC481BEBBF6700DEF713 /* AppDelegate.m */,
				0FA3BC4A1BEBBF6700DEF713 /* ViewController.h */,
				0FA3BC4B1BEBBF6700DEF713 /* ViewController.mm */,
				0FA3BC4D1BEBBF6700DEF713 /* Main.storyboard */,
				0FA3BC501BEBBF6700DEF713 /* Images.xcassets */,
				0FA3BC521BEBBF6700DEF713 /* LaunchScreen.xib */,
				0FA3BC431BEBBF6700DEF713 /* Supporting Files */,
			);
			path = OCVR;
			sourceTree = "<group>";
		};
		0FA3BC431BEBBF6700DEF713 /* Supporting Files */ = {
			isa = PBXGroup;
			children = (
				0FA3BC441BEBBF6700DEF713 /* Info.plist */,
				0FA3BC451BEBBF6700DEF713 /* main.m */,
			);
			name = "Supporting Files";
			sourceTree = "<group>";
		};
/* End PBXGroup section */

/* Begin PBXNativeTarget section */
		0FA3BC3F1BEBBF6700DEF713 /* OCVR */ = {
			isa = PBXNativeTarget;
			buildConfigurationList = 0FA3BC631BEBBF6700DEF713 /* Build configuration list for PBXNativeTarget "OCVR" */;
			buildPhases = (
				0FA3BC3C1BEBBF6700DEF713 /* Sources */,
				0FA3BC3D1BEBBF6700DEF713 /* Frameworks */,
				0FA3BC3E1BEBBF6700DEF713 /* Resources */,
			);
			buildRules = (
			);
			dependencies = (
			);
			name = OCVR;
			productName = OCVR;
			productReference = 0FA3BC401BEBBF6700DEF713 /* OCVR.app */;
			productType = "com.apple.product-type.application";
		};
		0FA3BC581BEBBF6700DEF713 /* OCVRTests */ = {
			isa = PBXNativeTarget;
			buildConfigurationList = 0FA3BC661BEBBF6700DEF713 /* Build configuration list for PBXNativeTarget "OCVRTests" */;
			buildPhases = (
				0FA3BC551BEBBF6700DEF713 /* Sources */,
				0FA3BC561BEBBF6700DEF713 /* Frameworks */,
				0FA3BC571BEBBF6700DEF713 /* Resources */,
			);
			buildRules = (
			);
			dependencies = (
				0FA3BC5B1BEBBF6700DEF713 /* PBXTargetDependency */,
			);
			name = OCVRTests;
			productName = OCVRTests;
			productReference = 0FA3BC591BEBBF6700DEF713 /* OCVRTests.xctest */;
			productType = "com.apple.product-type.bundle.unit-test";
		};
/* End PBXNativeTarget section */

/* Begin PBXProject section */
		0FA3BC381BEBBF6700DEF713 /* Project object */ = {
			isa = PBXProject;
			attributes = {
				LastUpgradeCheck = 0640;
				ORGANIZATIONNAME = "Mario Aleo";
				TargetAttributes = {
					0FA3BC3F1BEBBF6700DEF713 = {
						CreatedOnToolsVersion = 6.4;
					};
					0FA3BC581BEBBF6700DEF713 = {
						CreatedOnToolsVersion = 6.4;
						TestTargetID = 0FA3BC3F1BEBBF6700DEF713;
					};
				};
			};
			buildConfigurationList = 0FA3BC3B1BEBBF6700DEF713 /* Build configuration list for PBXProject "OCVR" */;
			compatibilityVersion = "Xcode 3.2";
			developmentRegion = English;
			hasScannedForEncodings = 0;
			knownRegions = (
				en,
				Base,
			);
			mainGroup = 0FA3BC371BEBBF6700DEF713;
			productRefGroup = 0FA3BC411BEBBF6700DEF713 /* Products */;
			projectDirPath = "";
			projectRoot = "";
			targets = (
				0FA3BC3F1BEBBF6700DEF713 /* OCVR */,
				0FA3BC581BEBBF6700DEF713 /* OCVRTests */,
			);
		};
/* End PBXProject section */

/* Begin PBXResourcesBuildPhase section */
		0FA3BC3E1BEBBF6700DEF713 /* Resources */ = {
			isa = PBXResourcesBuildPhase;
			buildActionMask = 2147483647;
			files = (
				0FA3BC4F1BEBBF6700DEF713 /* Main.storyboard in Resources */,
				0F9804EB1BECE8A6006D17D6 /* tessdata in Resources */,
				0FA3BC511BEBBF6700DEF713 /* Images.xcassets in Resources */,
				0FA3BC541BEBBF6700DEF713 /* LaunchScreen.xib in Resources */,
			);
			runOnlyForDeploymentPostprocessing = 0;
		};
		0FA3BC571BEBBF6700DEF713 /* Resources */ = {
			isa = PBXResourcesBuildPhase;
			buildActionMask = 2147483647;
			files = (
				0F9C75181BECDC6200348AF9 /* Info.plist in Resources */,
				0F9804EC1BECE8A6006D17D6 /* tessdata in Resources */,
			);
			runOnlyForDeploymentPostprocessing = 0;
		};
/* End PBXResourcesBuildPhase section */

/* Begin PBXSourcesBuildPhase section */
		0FA3BC3C1BEBBF6700DEF713 /* Sources */ = {
			isa = PBXSourcesBuildPhase;
			buildActionMask = 2147483647;
			files = (
				0FA3BC4C1BEBBF6700DEF713 /* ViewController.mm in Sources */,
				0FA3BC491BEBBF6700DEF713 /* AppDelegate.m in Sources */,
				0FA3BC461BEBBF6700DEF713 /* main.m in Sources */,
			);
			runOnlyForDeploymentPostprocessing = 0;
		};
		0FA3BC551BEBBF6700DEF713 /* Sources */ = {
			isa = PBXSourcesBuildPhase;
			buildActionMask = 2147483647;
			files = (
				0F9C75191BECDC6200348AF9 /* OCVRTests.m in Sources */,
			);
			runOnlyForDeploymentPostprocessing = 0;
		};
/* End PBXSourcesBuildPhase section */

/* Begin PBXTargetDependency section */
		0FA3BC5B1BEBBF6700DEF713 /* PBXTargetDependency */ = {
			isa = PBXTargetDependency;
			target = 0FA3BC3F1BEBBF6700DEF713 /* OCVR */;
			targetProxy = 0FA3BC5A1BEBBF6700DEF713 /* PBXContainerItemProxy */;
		};
/* End PBXTargetDependency section */

/* Begin PBXVariantGroup section */
		0FA3BC4D1BEBBF6700DEF713 /* Main.storyboard */ = {
			isa = PBXVariantGroup;
			children = (
				0FA3BC4E1BEBBF6700DEF713 /* Base */,
			);
			name = Main.storyboard;
			sourceTree = "<group>";
		};
		0FA3BC521BEBBF6700DEF713 /* LaunchScreen.xib */ = {
			isa = PBXVariantGroup;
			children = (
				0FA3BC531BEBBF6700DEF713 /* Base */,
			);
			name = LaunchScreen.xib;
			sourceTree = "<group>";
		};
/* End PBXVariantGroup section */

/* Begin XCBuildConfiguration section */
		0FA3BC611BEBBF6700DEF713 /* Debug */ = {
			isa = XCBuildConfiguration;
			buildSettings = {
				ALWAYS_SEARCH_USER_PATHS = NO;
				CLANG_CXX_LANGUAGE_STANDARD = "gnu++0x";
				CLANG_CXX_LIBRARY = "compiler-default";
				CLANG_ENABLE_MODULES = YES;
				CLANG_ENABLE_OBJC_ARC = YES;
				CLANG_WARN_BOOL_CONVERSION = YES;
				CLANG_WARN_CONSTANT_CONVERSION = YES;
				CLANG_WARN_DIRECT_OBJC_ISA_USAGE = YES_ERROR;
				CLANG_WARN_EMPTY_BODY = YES;
				CLANG_WARN_ENUM_CONVERSION = YES;
				CLANG_WARN_INT_CONVERSION = YES;
				CLANG_WARN_OBJC_ROOT_CLASS = YES_ERROR;
				CLANG_WARN_UNREACHABLE_CODE = YES;
				CLANG_WARN__DUPLICATE_METHOD_MATCH = YES;
				"CODE_SIGN_IDENTITY[sdk=iphoneos*]" = "iPhone Developer";
				COPY_PHASE_STRIP = NO;
				DEBUG_INFORMATION_FORMAT = "dwarf-with-dsym";
				ENABLE_STRICT_OBJC_MSGSEND = YES;
				GCC_C_LANGUAGE_STANDARD = gnu99;
				GCC_DYNAMIC_NO_PIC = NO;
				GCC_NO_COMMON_BLOCKS = YES;
				GCC_OPTIMIZATION_LEVEL = 0;
				GCC_PREPROCESSOR_DEFINITIONS = (
					"DEBUG=1",
					"$(inherited)",
				);
				GCC_SYMBOLS_PRIVATE_EXTERN = NO;
				GCC_WARN_64_TO_32_BIT_CONVERSION = YES;
				GCC_WARN_ABOUT_RETURN_TYPE = YES_ERROR;
				GCC_WARN_UNDECLARED_SELECTOR = YES;
				GCC_WARN_UNINITIALIZED_AUTOS = YES_AGGRESSIVE;
				GCC_WARN_UNUSED_FUNCTION = YES;
				GCC_WARN_UNUSED_VARIABLE = YES;
				IPHONEOS_DEPLOYMENT_TARGET = 8.4;
				MTL_ENABLE_DEBUG_INFO = YES;
				ONLY_ACTIVE_ARCH = YES;
				SDKROOT = iphoneos;
			};
			name = Debug;
		};
		0FA3BC621BEBBF6700DEF713 /* Release */ = {
			isa = XCBuildConfiguration;
			buildSettings = {
				ALWAYS_SEARCH_USER_PATHS = NO;
				CLANG_CXX_LANGUAGE_STANDARD = "gnu++0x";
				CLANG_CXX_LIBRARY = "compiler-default";
				CLANG_ENABLE_MODULES = YES;
				CLANG_ENABLE_OBJC_ARC = YES;
				CLANG_WARN_BOOL_CONVERSION = YES;
				CLANG_WARN_CONSTANT_CONVERSION = YES;
				CLANG_WARN_DIRECT_OBJC_ISA_USAGE = YES_ERROR;
				CLANG_WARN_EMPTY_BODY = YES;
				CLANG_WARN_ENUM_CONVERSION = YES;
				CLANG_WARN_INT_CONVERSION = YES;
				CLANG_WARN_OBJC_ROOT_CLASS = YES_ERROR;
				CLANG_WARN_UNREACHABLE_CODE = YES;
				CLANG_WARN__DUPLICATE_METHOD_MATCH = YES;
				"CODE_SIGN_IDENTITY[sdk=iphoneos*]" = "iPhone Developer";
				COPY_PHASE_STRIP = NO;
				DEBUG_INFORMATION_FORMAT = "dwarf-with-dsym";
				ENABLE_NS_ASSERTIONS = NO;
				ENABLE_STRICT_OBJC_MSGSEND = YES;
				GCC_C_LANGUAGE_STANDARD = gnu99;
				GCC_NO_COMMON_BLOCKS = YES;
				GCC_WARN_64_TO_32_BIT_CONVERSION = YES;
				GCC_WARN_ABOUT_RETURN_TYPE = YES_ERROR;
				GCC_WARN_UNDECLARED_SELECTOR = YES;
				GCC_WARN_UNINITIALIZED_AUTOS = YES_AGGRESSIVE;
				GCC_WARN_UNUSED_FUNCTION = YES;
				GCC_WARN_UNUSED_VARIABLE = YES;
				IPHONEOS_DEPLOYMENT_TARGET = 8.4;
				MTL_ENABLE_DEBUG_INFO = NO;
				SDKROOT = iphoneos;
				VALIDATE_PRODUCT = YES;
			};
			name = Release;
		};
		0FA3BC641BEBBF6700DEF713 /* Debug */ = {
			isa = XCBuildConfiguration;
			buildSettings = {
				ASSETCATALOG_COMPILER_APPICON_NAME = AppIcon;
				FRAMEWORK_SEARCH_PATHS = (
					"$(inherited)",
					/Users/mario.aleo/Desktop,
					"$(PROJECT_DIR)",
				);
				INFOPLIST_FILE = OCVR/Info.plist;
				LD_RUNPATH_SEARCH_PATHS = "$(inherited) @executable_path/Frameworks";
				"OTHER_LDFLAGS[arch=*]" = "-lstdc++";
				PRODUCT_NAME = "$(TARGET_NAME)";
			};
			name = Debug;
		};
		0FA3BC651BEBBF6700DEF713 /* Release */ = {
			isa = XCBuildConfiguration;
			buildSettings = {
				ASSETCATALOG_COMPILER_APPICON_NAME = AppIcon;
				FRAMEWORK_SEARCH_PATHS = (
					"$(inherited)",
					/Users/mario.aleo/Desktop,
					"$(PROJECT_DIR)",
				);
				INFOPLIST_FILE = OCVR/Info.plist;
				LD_RUNPATH_SEARCH_PATHS = "$(inherited) @executable_path/Frameworks";
				"OTHER_LDFLAGS[arch=*]" = "-lstdc++";
				PRODUCT_NAME = "$(TARGET_NAME)";
			};
			name = Release;
		};
		0FA3BC671BEBBF6700DEF713 /* Debug */ = {
			isa = XCBuildConfiguration;
			buildSettings = {
				BUNDLE_LOADER = "$(TEST_HOST)";
				FRAMEWORK_SEARCH_PATHS = (
					"$(SDKROOT)/Developer/Library/Frameworks",
					"$(inherited)",
				);
				GCC_PREPROCESSOR_DEFINITIONS = (
					"DEBUG=1",
					"$(inherited)",
				);
				INFOPLIST_FILE = OCVRTests/Info.plist;
				LD_RUNPATH_SEARCH_PATHS = "$(inherited) @executable_path/Frameworks @loader_path/Frameworks";
				PRODUCT_NAME = "$(TARGET_NAME)";
				TEST_HOST = "$(BUILT_PRODUCTS_DIR)/OCVR.app/OCVR";
			};
			name = Debug;
		};
		0FA3BC681BEBBF6700DEF713 /* Release */ = {
			isa = XCBuildConfiguration;
			buildSettings = {
				BUNDLE_LOADER = "$(TEST_HOST)";
				FRAMEWORK_SEARCH_PATHS = (
					"$(SDKROOT)/Developer/Library/Frameworks",
					"$(inherited)",
				);
				INFOPLIST_FILE = OCVRTests/Info.plist;
				LD_RUNPATH_SEARCH_PATHS = "$(inherited) @executable_path/Frameworks @loader_path/Frameworks";
				PRODUCT_NAME = "$(TARGET_NAME)";
				TEST_HOST = "$(BUILT_PRODUCTS_DIR)/OCVR.app/OCVR";
			};
			name = Release;
		};
/* End XCBuildConfiguration section */

/* Begin XCConfigurationList section */
		0FA3BC3B1BEBBF6700DEF713 /* Build configuration list for PBXProject "OCVR" */ = {
			isa = XCConfigurationList;
			buildConfigurations = (
				0FA3BC611BEBBF6700DEF713 /* Debug */,
				0FA3BC621BEBBF6700DEF713 /* Release */,
			);
			defaultConfigurationIsVisible = 0;
			defaultConfigurationName = Release;
		};
		0FA3BC631BEBBF6700DEF713 /* Build configuration list for PBXNativeTarget "OCVR" */ = {
			isa = XCConfigurationList;
			buildConfigurations = (
				0FA3BC641BEBBF6700DEF713 /* Debug */,
				0FA3BC651BEBBF6700DEF713 /* Release */,
			);
			defaultConfigurationIsVisible = 0;
			defaultConfigurationName = Release;
		};
		0FA3BC661BEBBF6700DEF713 /* Build configuration list for PBXNativeTarget "OCVRTests" */ = {
			isa = XCConfigurationList;
			buildConfigurations = (
				0FA3BC671BEBBF6700DEF713 /* Debug */,
				0FA3BC681BEBBF6700DEF713 /* Release */,
			);
			defaultConfigurationIsVisible = 0;
			defaultConfigurationName = Release;
		};
/* End XCConfigurationList section */
	};
	rootObject = 0FA3BC381BEBBF6700DEF713 /* Project object */;
}
